github.com/OneOfOne/xxhash v1.2.2/go.mod h1:HSdplMjZKSmBqAxg5vPj2TmRDmfkzw+cTzAElWljhcU=
github.com/RoaringBitmap/roaring v1.9.4 h1:yhEIoH4YezLYT04s1nHehNO64EKFTop/wBhxv2QzDdQ=
github.com/RoaringBitmap/roaring v1.9.4/go.mod h1:6AXUsoIEzDTFFQCe1RbGA6uFONMhvejWj5rqITANK90=
github.com/aead/siphash v1.0.1 h1:FwHfE/T45KPKYuuSAKyyvE+oPWcaQ+CUmFW0bPlM+kg=
github.com/aead/siphash v1.0.1/go.mod h1:Nywa3cDsYNNK3gaciGTWPwHt0wlpNV15vwmswBAUSII=
github.com/anacrolix/mmsg v1.1.1 h1:4ce/3I5kM7qSF6T5A8MOmDCfac3UqYlk5Bzh5XsWebM=
github.com/anacrolix/mmsg v1.1.1/go.mod h1:lPCXEN1eDDQtKktdKEzdw+roswx6wWPpeXAl/WpWVDU=
github.com/bits-and-blooms/bitset v1.12.0 h1:U/q1fAF7xXRhFCrhROzIfffYnu+dlS38vCZtmFVPHmA=
github.com/bits-and-blooms/bitset v1.12.0/go.mod h1:7hO7Gc7Pp1vODcmWvKMRA9BNmbv6a/7QIWpPxHddWR8=
github.com/btcsuite/fastsha256 v0.0.0-20160815193821-637e65642941 h1:kij1x2aL7VE6gtx8KMIt8PGPgI5GV9LgtHFG5KaEMPY=
github.com/btcsuite/fastsha256 v0.0.0-20160815193821-637e65642941/go.mod h1:QcFA8DZHtuIAdYKCq/BzELOaznRsCvwf4zTPmaYwaig=
github.com/cespare/xxhash v1.1.0 h1:a6HrQnmkObjyL+Gs60czilIUGqrzKutQD6XZog3p+ko=
github.com/cespare/xxhash v1.1.0/go.mod h1:XrSqR1VqqWfGrhpAt58auRo0WTKS1nRRg3ghfAqPWnc=
github.com/cespare/xxhash/v2 v2.3.0 h1:UL815xU9SqsFlibzuggzjXhog7bL6oX9BbNZnL2UFvs=
github.com/cespare/xxhash/v2 v2.3.0/go.mod h1:VGX0DQ3Q6kWi7AoAeZDth3/j3BFtOZR5XLFGgcrjCOs=
github.com/chain/txvm v0.0.0-20190422181059-ff6bfbe53892 h1:SJFPYaLE/8bSiOrLb4Fdj9nytBlDhfVZFZpWKERoct8=
github.com/chain/txvm v0.0.0-20190422181059-ff6bfbe53892/go.mod h1:Z5JK05iaidjr5mSP5SucFOSqgRqDy2t13TNP1RlweBE=
github.com/coder/websocket v1.8.15 h1:6B2JPeOGlpff2Uz6vOEH1Vzpi0iUz20A+lPVhPHtNUA=
github.com/coder/websocket v1.8.15/go.mod h1:NX3SzP+inril6yawo5CQXx8+fk145lPDC6pumgx0mVg=
github.com/davecgh/go-spew v1.1.0 h1:ZDRjVQ15GmhC3fiQ8ni8+OwkZQO4DARzQgrnXU1Liz8=
github.com/davecgh/go-spew v1.1.0/go.mod h1:J7Y8YcW2NihsgmVo/mv3lAwl/skON4iLHjSsI+c5H38=
github.com/davecgh/go-spew v1.1.1 h1:vj9j/u1bqnvCEfJOwUhtlOARqs3+rkHYY13jYWTU97c=
github.com/davecgh/go-spew v1.1.1/go.mod h1:J7Y8YcW2NihsgmVo/mv3lAwl/skON4iLHjSsI+c5H38=
github.com/dchest/siphash v1.2.3 h1:QXwFc8cFOR2dSa/gE6o/HokBMWtLUaNDVd+22aKHeEA=
github.com/dchest/siphash v1.2.3/go.mod h1:0NvQU092bT0ipiFN++/rXm69QG9tVxLAlQHIXMPAkHc=
github.com/dgryski/go-bits v0.0.0-20180113010104-bd8a69a71dc2 h1:2+yip7nN/auel0PDwY7SIaTOxQPI2NwdkZkvpgtc3Pk=
github.com/dgryski/go-bits v0.0.0-20180113010104-bd8a69a71dc2/go.mod h1:/9UYwwvZuEgp+mQ4960SHWCU1FS+FgdFX+m5ExFByNs=
github.com/dgryski/go-marvin32 v0.0.0-20240117220238-0d39e8c5a8a9 h1:KOgsh3nPHIgGUJe+oJ5NhC8GpgHiWDd7PagBmerkxOw=
github.com/dgryski/go-marvin32 v0.0.0-20240117220238-0d39e8c5a8a9/go.mod h1:jqLmu3zlC7A21QyKV/jo2F3W0IvHEAj00ZooZH+Y7jY=
github.com/golang/protobuf v1.3.1 h1:YF8+flBXS5eO826T4nzqPrxfhQThhXl0YzfuUPu4SBg=
github.com/golang/protobuf v1.3.1/go.mod h1:6lQm79b+lXiMfvg/cZm0SGofjICqVBUtrP5yJMmIC1U=
github.com/golang/snappy v1.0.0 h1:Oy607GVXHs7RtbggtPBnr2RmDArIsAefDwvrdWvRhGs=
github.com/golang/snappy v1.0.0/go.mod h1:/XxbfmMg8lxefKM7IXC3fBNl/7bRcc72aCRzEWrmP2Q=
github.com/klauspost/compress v1.20.0 h1:a3C1ke2ohxFymNlb2HWAHjDeKCI90scRskErZkR0ezA=
github.com/klauspost/compress v1.20.0/go.mod h1:LUdAzn7YLVvxLpc7y3V1m40wESHTgc1422pwwBSKYuI=
github.com/klauspost/cpuid v1.3.1 h1:5JNjFYYQrZeKRJ0734q51WCEEn2huer72Dc7K+R/b6s=
github.com/klauspost/cpuid v1.3.1/go.mod h1:bYW4mA6ZgKPob1/Dlai2LviZJO7KGI3uoWLd42rAQw4=
github.com/klauspost/cpuid/v2 v2.4.0 h1:S6Hrbc7+ywsr0r+RLapfGBHfyefhCTwEh3A0tV913Dw=
github.com/klauspost/cpuid/v2 v2.4.0/go.mod h1:19jmZ9mjzoF//ddRSUsv0zfBTJWh3QJh9FNxZTMrGxU=
github.com/klauspost/crc32 v1.3.0 h1:sSmTt3gUt81RP655XGZPElI0PelVTZ6YwCRnPSupoFM=
github.com/klauspost/crc32 v1.3.0/go.mod h1:D7kQaZhnkX/Y0tstFGf8VUzv2UofNGqCjnC3zdHB0Hw=
github.com/klauspost/reedsolomon v1.14.2 h1:SafJYwpBBQBI6amHUygcjxZjXeN2HpiENHQDwuPWCCQ=
github.com/klauspost/reedsolomon v1.14.2/go.mod h1:yjqqjgMTQkBUHSG97/rm4zipffCNbCiZcB3kTqr++sQ=
github.com/minio/highwayhash v1.0.4 h1:asJizugGgchQod2ja9NJlGOWq4s7KsAWr5XUc9Clgl4=
github.com/minio/highwayhash v1.0.4/go.mod h1:GGYsuwP/fPD6Y9hMiXuapVvlIUEhFhMTh0rxU3ik1LQ=
github.com/miscreant/miscreant v0.3.0 h1:bCn4zQMvNeeFBE3PWrG9ePFLPZyttBPhJ/WDqyqWrLQ=
github.com/miscreant/miscreant v0.3.0/go.mod h1:ZKWeIKfbJej2zjb1OUXJaaP1DnCb4yoTtcR90O7BOD4=
github.com/modern-go/gls v0.0.0-20250215024828-78308f6bb19d h1:e3xdlObtriVu9HlrOfYB8Nmy51+DuJy5Hcgsg+x7ixg=
github.com/modern-go/gls v0.0.0-20250215024828-78308f6bb19d/go.mod h1:I8AX+yW//L8Hshx6+a1m3bYkwXkpsVjA2795vP4f4oQ=
github.com/modern-go/reflect2 v1.0.2 h1:xBagoLtFs94CBntxluKeaWgTMpvLxC4ur3nMaC9Gz0M=
github.com/modern-go/reflect2 v1.0.2/go.mod h1:yWuevngMOJpCy52FWWMvUC8ws7m/LJsjYzDa0/r8luk=
github.com/mschoch/smat v0.2.0 h1:8imxQsjDm8yFEAVBe7azKmKSgzSkZXDuKkSq9374khM=
github.com/mschoch/smat v0.2.0/go.mod h1:kc9mz7DoBKqDyiRL7VZN8KvXQMWeTaVnttLRXOlotKw=
github.com/phuslu/log v1.0.134 h1:FZLg0lLe7eXqyRBK57mWDn45+qNVU74QaLNHk7EyOtw=
github.com/phuslu/log v1.0.134/go.mod h1:GYElPZLxBdIMMGZkGggLHDQ33zQJjqsHdJns+flCTyE=
github.com/pierrec/lz4/v4 v4.1.29 h1:CDQY6qZOLI4DW0Nx6R1vRrifrCeQHnNXkMb0hZWXFjg=
github.com/pierrec/lz4/v4 v4.1.29/go.mod h1:EoQMVJgeeEOMsCqCzqFm2O0cJvljX2nGZjcRIPL34O4=
github.com/pierrec/lz4/v4 v4.1.30 h1:cchX8N2DVP668WkElI9QMwVyoNabLkq1LofDHFeIrdg=
github.com/pierrec/lz4/v4 v4.1.30/go.mod h1:EoQMVJgeeEOMsCqCzqFm2O0cJvljX2nGZjcRIPL34O4=
github.com/pmezard/go-difflib v1.0.0 h1:4DBwDE0NGyQoBHbLQYPwSUPoCMWR5BEzIk/f1lZbAQM=
github.com/pmezard/go-difflib v1.0.0/go.mod h1:iKH77koFhYxTK1pcRnkKkqfTogsbg7gZNVY4sRDYZ/4=
github.com/spaolacci/murmur3 v0.0.0-20180118202830-f09979ecbc72/go.mod h1:JwIasOWyU6f++ZhiEuf87xNszmSA2myDM2Kzu9HwQUA=
github.com/stevvooe/resumable v0.0.0-20180830230917-22b14a53ba50 h1:4bT0pPowCpQImewr+BjzfUKcuFW+KVyB8d1OF3b6oTI=
github.com/stevvooe/resumable v0.0.0-20180830230917-22b14a53ba50/go.mod h1:1pdIZTAHUz+HDKDVZ++5xg/duPlhKAIzw9qy42CWYp4=
github.com/stretchr/objx v0.1.0 h1:4G4v2dO3VZwixGIRoQ5Lfboy6nUhCyYzaqnIAPPhYs4=
github.com/stretchr/objx v0.1.0/go.mod h1:HFkY916IF+rwdDfMAkV7OtwuqBVzrE8GR6GFx+wExME=
github.com/stretchr/testify v1.7.0 h1:nwc3DEeHmmLAfoZucVR881uASk0Mfjw8xYJ99tb5CcY=
github.com/stretchr/testify v1.7.0/go.mod h1:6Fq8oRcR53rry900zMqJjRRixrwX3KX962/h/Wwjteg=
github.com/tmthrgd/go-bitwise v0.0.0-20190904053232-1430ee983fca h1:Ns4/7EvYZ7FxKiKnEMkMMAPtoR/ifUgRsvk7lzlOtPY=
github.com/tmthrgd/go-bitwise v0.0.0-20190904053232-1430ee983fca/go.mod h1:Ba4ek/h+sJUzTQ03ZGD1r0lazhxd7CBoEQzFk/icxxU=
github.com/tmthrgd/go-hex v0.0.0-20190904060850-447a3041c3bc h1:9lRDQMhESg+zvGYmW5DyG0UqvY96Bu5QYsTLvCHdrgo=
github.com/tmthrgd/go-hex v0.0.0-20190904060850-447a3041c3bc/go.mod h1:bciPuU6GHm1iF1pBvUfxfsH0Wmnc2VbpgvbI9ZWuIRs=
github.com/tmthrgd/go-popcount v0.0.0-20190904054823-afb1ace8b04f h1:Phf2p9+twoHct5ZjSTrI8K7iWeSxO4x1p5pShTl0J00=
github.com/tmthrgd/go-popcount v0.0.0-20190904054823-afb1ace8b04f/go.mod h1:FcUQfrsAsSSqM3n9xf4EtPzB8tWzt58/y0AV+wNNM8Q=
github.com/zeebo/assert v0.0.0-20181109011804-10f827ce2ed6/go.mod h1:yssERNPivllc1yU3BvpjYI5BUW+zglcz6QWqeVRL5t0=
github.com/zeebo/this v1.0.0 h1:vUoO1kFs0WMV1oPN5pJbCfvjaL3NxlD7jBurRYKsrE0=
github.com/zeebo/this v1.0.0/go.mod h1:NamLT9fyihYiE0UyxEpmBm0IYbT+QWThFzOPalRS21o=
golang.org/x/arch v0.31.0 h1:22MlEb14/O/EPCYHFxsDdv5TuLD5dMjT5e2QeJw4ULk=
golang.org/x/arch v0.31.0/go.mod h1:KcJSod3cqT2dKcjBxqTyGfbumNikqU9p5tHJinPJnuY=
golang.org/x/crypto v0.57.0 h1:3ZVCjf8Ggz7zneR/EHRVx68Ctf+2pmIMP2UFhh9cC6M=
golang.org/x/crypto v0.57.0/go.mod h1:Fdz0i5U6CoizGwLda9DttjSk6qlZo25zYNtR+ycvuZA=
golang.org/x/net v0.59.0 h1:5zfYln+w5XCxwrnMMJPufRgNoXEaGxl0wo5GqPXyues=
golang.org/x/net v0.59.0/go.mod h1:2DA/G1UfVbCpQPeWTmMPGY7Cs2PkBkwu743bVX5PIVg=
golang.org/x/sync v0.0.0-20190227155943-e225da77a7e6 h1:bjcUS9ztw9kFmmIxJInhon/0Is3p+EHBKNgquIzo1OI=
golang.org/x/sync v0.0.0-20190227155943-e225da77a7e6/go.mod h1:RxMgew5VJxzue5/jJTE5uejpjVlOe/izrB70Jof72aM=
golang.org/x/sys v0.21.0/go.mod h1:/VUhepiaJMQUp4+oa/7Zr1D23ma6VTLIYjOOTFZPUcA=
golang.org/x/sys v0.36.0 h1:KVRy2GtZBrk1cBYA7MKu5bEZFxQk4NIDV6RLVcC8o0k=
golang.org/x/sys v0.36.0/go.mod h1:OgkHotnGiDImocRcuBABYBEXf8A9a87e/uXjp9XT3ks=
golang.org/x/sys v0.48.0 h1:bbX/i/6MgT9BVLM9RT1thmxL04yeTAhbEz4SyadbXoo=
golang.org/x/sys v0.48.0/go.mod h1:hNLxWAXmnKAxqDtdwIYC4bM9oQPEecfsnNMuSxOs3og=
golang.org/x/term v0.46.0 h1:3+OXuTbaKDgwk8jTi3aSLHRlmWqHEUDUtxnbFigO4YE=
golang.org/x/term v0.46.0/go.mod h1:+K02xbkittuwc0Am4abfA3Fc+XRGXkvBXNO88NCXPoc=
golang.org/x/text v0.42.0 h1:JbOZXgfeCPU9gacVtYliJqOhD+zhrEqK4LfdpmlUZqI=
golang.org/x/text v0.42.0/go.mod h1:ojzP1Z+2QtioaF8DTtO8K5q7JWVVYwZKenzujK0Zd0E=
gopkg.in/check.v1 v0.0.0-20161208181325-20d25e280405 h1:yhCVgyC4o1eVCa2tZl7eS0r+SDo693bJlVdllGtEeKM=
gopkg.in/check.v1 v0.0.0-20161208181325-20d25e280405/go.mod h1:Co6ibVJAznAaIkqp8huTwlJQCZ016jof/cbN4VW5Yz0=
gopkg.in/yaml.v3 v3.0.0-20200313102051-9f266ea9e77c h1:dUUwHk2QECo/6vqA44rthZ8ie2QXMNeKRTHCNY2nXvo=
gopkg.in/yaml.v3 v3.0.0-20200313102051-9f266ea9e77c/go.mod h1:K4uyk7z7BCEPqu6E+C64Yfv1cQ7kz7rIZviUmN+EgEM=
rsc.io/pdf v0.1.1 h1:k1MczvYDUvJBe93bYd7wrZLLUEcLZAuF824/I4e5Xr4=
rsc.io/pdf v0.1.1/go.mod h1:n8OzWcQ6Sp37PL01nO98y4iUCRdTGarVfzxY20ICaU4=
